
Microsoft Visual Studio Solution File, Format Version 12.00
# Visual Studio Version 17
VisualStudioVersion = 17.8.34330.188
MinimumVisualStudioVersion = 10.0.40219.1
Project("{FAE04EC0-301F-11D3-BF4B-00C04F79EFBC}") = "BankingApplication", "BankingApplication\BankingApplication.csproj", "{4BD2A91C-50BF-479F-BE40-4318088FE63B}"
EndProject
Project("{2150E333-8FDC-42A3-9474-1A3956D46DE8}") = "Solution Items", "Solution Items", "{A8CC8D4A-DA38-4CB6-B7C3-CB0838ABCC1E}"
EndProject
Global
	GlobalSection(SolutionConfigurationPlatforms) = preSolution
		Debug|Any CPU = Debug|Any CPU
		Release|Any CPU = Release|Any CPU
	EndGlobalSection
	GlobalSection(ProjectConfigurationPlatforms) = postSolution
		{4BD2A91C-50BF-479F-BE40-4318088FE63B}.Debug|Any CPU.ActiveCfg = Debug|Any CPU
		{4BD2A91C-50BF-479F-BE40-4318088FE63B}.Debug|Any CPU.Build.0 = Debug|Any CPU
		{4BD2A91C-50BF-479F-BE40-4318088FE63B}.Release|Any CPU.ActiveCfg = Release|Any CPU
		{4BD2A91C-50BF-479F-BE40-4318088FE63B}.Release|Any CPU.Build.0 = Release|Any CPU
	EndGlobalSection
	GlobalSection(SolutionProperties) = preSolution
		HideSolutionNode = FALSE
	EndGlobalSection
	GlobalSection(ExtensibilityGlobals) = postSolution
		SolutionGuid = {17AE31AC-9DAD-4014-96F1-29F462A5DE62}
	EndGlobalSection
EndGlobal
